
Microsoft Visual Studio Solution File, Format Version 12.00
# Visual Studio Version 17
VisualStudioVersion = 17.5.002.0
MinimumVisualStudioVersion = 10.0.40219.1
Project("{9A19103F-16F7-4668-BE54-9A1E7A4F7556}") = "EditorDeTexto", "EditorDeTexto.csproj", "{8E7C1152-F527-44F5-A7B5-53ED0DB5EE0B}"
EndProject
Global
	GlobalSection(SolutionConfigurationPlatforms) = preSolution
		Debug|Any CPU = Debug|Any CPU
		Release|Any CPU = Release|Any CPU
	EndGlobalSection
	GlobalSection(ProjectConfigurationPlatforms) = postSolution
		{8E7C1152-F527-44F5-A7B5-53ED0DB5EE0B}.Debug|Any CPU.ActiveCfg = Debug|Any CPU
		{8E7C1152-F527-44F5-A7B5-53ED0DB5EE0B}.Debug|Any CPU.Build.0 = Debug|Any CPU
		{8E7C1152-F527-44F5-A7B5-53ED0DB5EE0B}.Release|Any CPU.ActiveCfg = Release|Any CPU
		{8E7C1152-F527-44F5-A7B5-53ED0DB5EE0B}.Release|Any CPU.Build.0 = Release|Any CPU
	EndGlobalSection
	GlobalSection(SolutionProperties) = preSolution
		HideSolutionNode = FALSE
	EndGlobalSection
	GlobalSection(ExtensibilityGlobals) = postSolution
		SolutionGuid = {7DAA533E-82B2-4C3C-B69A-BC58C594F7C9}
	EndGlobalSection
EndGlobal
